{
  "name": "nuitMMIG5",
  "lockfileVersion": 3,
  "requires": true,
  "packages": {
    "": {
      "dependencies": {
        "p5play": "^3.26.3"
      }
    },
    "node_modules/p5play": {
      "version": "3.26.3",
      "resolved": "https://registry.npmjs.org/p5play/-/p5play-3.26.3.tgz",
      "integrity": "sha512-dW5HEueNy5fwjcaBoHSKeu8r3zFRon02QnxJ+cQl4GoODl2QslIVEgERizI++9Nscg4KXlDwOhTRIPxPwYrTrA==",
      "funding": [
        {
          "type": "patreon",
          "url": "https://www.patreon.com/p5play"
        },
        {
          "type": "github",
          "url": "https://github.com/sponsors/quinton-ashley"
        }
      ],
      "license": "p5play Personal License"
    }
  }
}
